schema: '2.0'
stages:
  process:
    cmd: python src/process_data.py
    deps:
    - path: data/raw
      md5: 8c4ae7c2f53adc246c2d64dc8e264738.dir
      size: 100951
      nfiles: 1
    - path: src/process_data.py
      md5: 32d5a1536d0ceced1e4ad3ed15121eb6
      size: 1246
    params:
      params.yaml:
        data:
          raw: data/raw/winequality-red.csv
          intermediate: data/intermediate
        process:
          feature: quality
          test_size: 0.2
    outs:
    - path: data/intermediate
      md5: 662e28de128a98b9ee5756170c43a72a.dir
      size: 194875
      nfiles: 4
  train:
    cmd: python src/train.py
    deps:
    - path: data/intermediate
      md5: 662e28de128a98b9ee5756170c43a72a.dir
      size: 194875
      nfiles: 4
    - path: src/train.py
      md5: 855f5c09de201557b6bc105b2e39dfe4
      size: 1662
    params:
      params.yaml:
        data:
          raw: data/raw/winequality-red.csv
          intermediate: data/intermediate
        model: model/svm
        train:
          hyperparameters:
            svm__kernel:
            - linear
            svm__C:
            - 0.1
            - 1
            - 10
            svm__gamma:
            - 0.1
            - 1
            - 10
          grid_search:
            cv: 2
            scoring: accuracy
            verbose: 3
    outs:
    - path: model/svm
      md5: 3132d51efb81ef7223da1594eb12ea7d
      size: 148163
    - path: model/svm.mlem
      md5: f57f34e0bae71fcf2af92be78163ad8d
      size: 1263
  evaluate:
    cmd: python src/evaluate.py
    deps:
    - path: data/intermediate
      md5: 662e28de128a98b9ee5756170c43a72a.dir
      size: 194875
      nfiles: 4
    - path: model/svm
      md5: 3132d51efb81ef7223da1594eb12ea7d
      size: 148163
    - path: src/evaluate.py
      md5: b283611eb14ba482c74e47c6bc65612a
      size: 807
    params:
      params.yaml:
        data:
          raw: data/raw/winequality-red.csv
          intermediate: data/intermediate
        model: model/svm
    outs:
    - path: dvclive/metrics.json
      md5: d71ae0196bba8e553dbad618e306517b
      size: 28
